PODS:
  - LGAlertView (2.0.13)
  - Realm (1.0.2):
    - Realm/Headers (= 1.0.2)
  - Realm/Headers (1.0.2)

DEPENDENCIES:
  - LGAlertView (~> 2.0.0)
  - Realm

SPEC CHECKSUMS:
  LGAlertView: 9a5dcbf4f81b02b718083539d7f222280adc9547
  Realm: 9d5c46a4d7d27958530a8dfc58f63a99e5c2cba3

PODFILE CHECKSUM: 614a87c7647f4976bbae8a78296527224864764c

COCOAPODS: 1.0.1
