// !$*UTF8*$!
{
	archiveVersion = 1;
	classes = {
	};
	objectVersion = 46;
	objects = {

/* Begin PBXBuildFile section */
		09EE57E9A343DD10084140C3 /* libPods-distype.a in Frameworks */ = {isa = PBXBuildFile; fileRef = 6075458B309E16CED04FC6E9 /* libPods-distype.a */; };
		749240B11D749D5100A371F8 /* main.m in Sources */ = {isa = PBXBuildFile; fileRef = 749240B01D749D5100A371F8 /* main.m */; };
		749240B41D749D5100A371F8 /* AppDelegate.m in Sources */ = {isa = PBXBuildFile; fileRef = 749240B31D749D5100A371F8 /* AppDelegate.m */; };
		749240BA1D749D5100A371F8 /* Main.storyboard in Resources */ = {isa = PBXBuildFile; fileRef = 749240B81D749D5100A371F8 /* Main.storyboard */; };
		749240BF1D749D5100A371F8 /* Assets.xcassets in Resources */ = {isa = PBXBuildFile; fileRef = 749240BE1D749D5100A371F8 /* Assets.xcassets */; };
		749240C21D749D5100A371F8 /* LaunchScreen.storyboard in Resources */ = {isa = PBXBuildFile; fileRef = 749240C01D749D5100A371F8 /* LaunchScreen.storyboard */; };
		D976ACD21D8815E1002799B0 /* AMChatsListViewController.m in Sources */ = {isa = PBXBuildFile; fileRef = D976ACD11D8815E1002799B0 /* AMChatsListViewController.m */; };
		D976ACD61D881AF5002799B0 /* AMChatMessageModel.m in Sources */ = {isa = PBXBuildFile; fileRef = D976ACD51D881AF5002799B0 /* AMChatMessageModel.m */; };
		D976ACDC1D8820A2002799B0 /* AMChatTextInputView.m in Sources */ = {isa = PBXBuildFile; fileRef = D976ACDB1D8820A2002799B0 /* AMChatTextInputView.m */; };
		D976ACDF1D8820CC002799B0 /* AMChatTextInputView.xib in Resources */ = {isa = PBXBuildFile; fileRef = D976ACDE1D8820CC002799B0 /* AMChatTextInputView.xib */; };
		D97D3D701D87F6DE00B2E13B /* AMActiveChatViewController.m in Sources */ = {isa = PBXBuildFile; fileRef = D97D3D6F1D87F6DE00B2E13B /* AMActiveChatViewController.m */; };
		D9F1030A1D8991CE007A8796 /* AMMessageTextFieldView.m in Sources */ = {isa = PBXBuildFile; fileRef = D9F103091D8991CE007A8796 /* AMMessageTextFieldView.m */; };
/* End PBXBuildFile section */

/* Begin PBXFileReference section */
		6075458B309E16CED04FC6E9 /* libPods-distype.a */ = {isa = PBXFileReference; explicitFileType = archive.ar; includeInIndex = 0; path = "libPods-distype.a"; sourceTree = BUILT_PRODUCTS_DIR; };
		749240AC1D749D5100A371F8 /* distype.app */ = {isa = PBXFileReference; explicitFileType = wrapper.application; includeInIndex = 0; path = distype.app; sourceTree = BUILT_PRODUCTS_DIR; };
		749240B01D749D5100A371F8 /* main.m */ = {isa = PBXFileReference; lastKnownFileType = sourcecode.c.objc; path = main.m; sourceTree = "<group>"; };
		749240B21D749D5100A371F8 /* AppDelegate.h */ = {isa = PBXFileReference; lastKnownFileType = sourcecode.c.h; path = AppDelegate.h; sourceTree = "<group>"; };
		749240B31D749D5100A371F8 /* AppDelegate.m */ = {isa = PBXFileReference; lastKnownFileType = sourcecode.c.objc; path = AppDelegate.m; sourceTree = "<group>"; };
		749240B91D749D5100A371F8 /* Base */ = {isa = PBXFileReference; lastKnownFileType = file.storyboard; name = Base; path = Base.lproj/Main.storyboard; sourceTree = "<group>"; };
		749240BE1D749D5100A371F8 /* Assets.xcassets */ = {isa = PBXFileReference; lastKnownFileType = folder.assetcatalog; path = Assets.xcassets; sourceTree = "<group>"; };
		749240C11D749D5100A371F8 /* Base */ = {isa = PBXFileReference; lastKnownFileType = file.storyboard; name = Base; path = Base.lproj/LaunchScreen.storyboard; sourceTree = "<group>"; };
		749240C31D749D5100A371F8 /* Info.plist */ = {isa = PBXFileReference; lastKnownFileType = text.plist.xml; path = Info.plist; sourceTree = "<group>"; };
		7CEE2547E1977FACADE7C090 /* Pods-distype.debug.xcconfig */ = {isa = PBXFileReference; includeInIndex = 1; lastKnownFileType = text.xcconfig; name = "Pods-distype.debug.xcconfig"; path = "Pods/Target Support Files/Pods-distype/Pods-distype.debug.xcconfig"; sourceTree = "<group>"; };
		D976ACD01D8815E1002799B0 /* AMChatsListViewController.h */ = {isa = PBXFileReference; fileEncoding = 4; lastKnownFileType = sourcecode.c.h; path = AMChatsListViewController.h; sourceTree = "<group>"; };
		D976ACD11D8815E1002799B0 /* AMChatsListViewController.m */ = {isa = PBXFileReference; fileEncoding = 4; lastKnownFileType = sourcecode.c.objc; path = AMChatsListViewController.m; sourceTree = "<group>"; };
		D976ACD41D881AF5002799B0 /* AMChatMessageModel.h */ = {isa = PBXFileReference; fileEncoding = 4; lastKnownFileType = sourcecode.c.h; path = AMChatMessageModel.h; sourceTree = "<group>"; };
		D976ACD51D881AF5002799B0 /* AMChatMessageModel.m */ = {isa = PBXFileReference; fileEncoding = 4; lastKnownFileType = sourcecode.c.objc; path = AMChatMessageModel.m; sourceTree = "<group>"; };
		D976ACDA1D8820A2002799B0 /* AMChatTextInputView.h */ = {isa = PBXFileReference; fileEncoding = 4; lastKnownFileType = sourcecode.c.h; path = AMChatTextInputView.h; sourceTree = "<group>"; };
		D976ACDB1D8820A2002799B0 /* AMChatTextInputView.m */ = {isa = PBXFileReference; fileEncoding = 4; lastKnownFileType = sourcecode.c.objc; path = AMChatTextInputView.m; sourceTree = "<group>"; };
		D976ACDE1D8820CC002799B0 /* AMChatTextInputView.xib */ = {isa = PBXFileReference; fileEncoding = 4; lastKnownFileType = file.xib; path = AMChatTextInputView.xib; sourceTree = "<group>"; };
		D97D3D6E1D87F6DE00B2E13B /* AMActiveChatViewController.h */ = {isa = PBXFileReference; fileEncoding = 4; lastKnownFileType = sourcecode.c.h; path = AMActiveChatViewController.h; sourceTree = "<group>"; };
		D97D3D6F1D87F6DE00B2E13B /* AMActiveChatViewController.m */ = {isa = PBXFileReference; fileEncoding = 4; lastKnownFileType = sourcecode.c.objc; path = AMActiveChatViewController.m; sourceTree = "<group>"; };
		D9F103081D8991CE007A8796 /* AMMessageTextFieldView.h */ = {isa = PBXFileReference; fileEncoding = 4; lastKnownFileType = sourcecode.c.h; path = AMMessageTextFieldView.h; sourceTree = "<group>"; };
		D9F103091D8991CE007A8796 /* AMMessageTextFieldView.m */ = {isa = PBXFileReference; fileEncoding = 4; lastKnownFileType = sourcecode.c.objc; path = AMMessageTextFieldView.m; sourceTree = "<group>"; };
		DB4D9D930C836901AF75E2A5 /* Pods-distype.release.xcconfig */ = {isa = PBXFileReference; includeInIndex = 1; lastKnownFileType = text.xcconfig; name = "Pods-distype.release.xcconfig"; path = "Pods/Target Support Files/Pods-distype/Pods-distype.release.xcconfig"; sourceTree = "<group>"; };
/* End PBXFileReference section */

/* Begin PBXFrameworksBuildPhase section */
		749240A91D749D5100A371F8 /* Frameworks */ = {
			isa = PBXFrameworksBuildPhase;
			buildActionMask = 2147483647;
			files = (
				09EE57E9A343DD10084140C3 /* libPods-distype.a in Frameworks */,
			);
			runOnlyForDeploymentPostprocessing = 0;
		};
/* End PBXFrameworksBuildPhase section */

/* Begin PBXGroup section */
		2BA1B44A5A11482040012BAF /* Pods */ = {
			isa = PBXGroup;
			children = (
				7CEE2547E1977FACADE7C090 /* Pods-distype.debug.xcconfig */,
				DB4D9D930C836901AF75E2A5 /* Pods-distype.release.xcconfig */,
			);
			name = Pods;
			sourceTree = "<group>";
		};
		3A11F39A451703051072F940 /* Frameworks */ = {
			isa = PBXGroup;
			children = (
				6075458B309E16CED04FC6E9 /* libPods-distype.a */,
			);
			name = Frameworks;
			sourceTree = "<group>";
		};
		749240A31D749D5100A371F8 = {
			isa = PBXGroup;
			children = (
				749240AE1D749D5100A371F8 /* distype */,
				749240AD1D749D5100A371F8 /* Products */,
				2BA1B44A5A11482040012BAF /* Pods */,
				3A11F39A451703051072F940 /* Frameworks */,
			);
			sourceTree = "<group>";
		};
		749240AD1D749D5100A371F8 /* Products */ = {
			isa = PBXGroup;
			children = (
				749240AC1D749D5100A371F8 /* distype.app */,
			);
			name = Products;
			sourceTree = "<group>";
		};
		749240AE1D749D5100A371F8 /* distype */ = {
			isa = PBXGroup;
			children = (
				D976ACD31D881ADB002799B0 /* Models */,
				D976ACCF1D8815B1002799B0 /* ChatsList */,
				D97D3D6D1D87F67400B2E13B /* ActiveChat */,
				749240B21D749D5100A371F8 /* AppDelegate.h */,
				749240B31D749D5100A371F8 /* AppDelegate.m */,
				749240B81D749D5100A371F8 /* Main.storyboard */,
				749240BE1D749D5100A371F8 /* Assets.xcassets */,
				749240C01D749D5100A371F8 /* LaunchScreen.storyboard */,
				749240C31D749D5100A371F8 /* Info.plist */,
				749240AF1D749D5100A371F8 /* Supporting Files */,
			);
			path = distype;
			sourceTree = "<group>";
		};
		749240AF1D749D5100A371F8 /* Supporting Files */ = {
			isa = PBXGroup;
			children = (
				749240B01D749D5100A371F8 /* main.m */,
			);
			name = "Supporting Files";
			sourceTree = "<group>";
		};
		D976ACCF1D8815B1002799B0 /* ChatsList */ = {
			isa = PBXGroup;
			children = (
				D976ACD01D8815E1002799B0 /* AMChatsListViewController.h */,
				D976ACD11D8815E1002799B0 /* AMChatsListViewController.m */,
			);
			name = ChatsList;
			sourceTree = "<group>";
		};
		D976ACD31D881ADB002799B0 /* Models */ = {
			isa = PBXGroup;
			children = (
				D976ACD41D881AF5002799B0 /* AMChatMessageModel.h */,
				D976ACD51D881AF5002799B0 /* AMChatMessageModel.m */,
			);
			name = Models;
			sourceTree = "<group>";
		};
		D976ACDD1D8820AE002799B0 /* ChatTextInput */ = {
			isa = PBXGroup;
			children = (
				D976ACDA1D8820A2002799B0 /* AMChatTextInputView.h */,
				D976ACDB1D8820A2002799B0 /* AMChatTextInputView.m */,
				D976ACDE1D8820CC002799B0 /* AMChatTextInputView.xib */,
				D9F103081D8991CE007A8796 /* AMMessageTextFieldView.h */,
				D9F103091D8991CE007A8796 /* AMMessageTextFieldView.m */,
			);
			name = ChatTextInput;
			sourceTree = "<group>";
		};
		D97D3D6D1D87F67400B2E13B /* ActiveChat */ = {
			isa = PBXGroup;
			children = (
				D97D3D6E1D87F6DE00B2E13B /* AMActiveChatViewController.h */,
				D97D3D6F1D87F6DE00B2E13B /* AMActiveChatViewController.m */,
				D976ACDD1D8820AE002799B0 /* ChatTextInput */,
			);
			name = ActiveChat;
			sourceTree = "<group>";
		};
/* End PBXGroup section */

/* Begin PBXNativeTarget section */
		749240AB1D749D5100A371F8 /* distype */ = {
			isa = PBXNativeTarget;
			buildConfigurationList = 749240C61D749D5100A371F8 /* Build configuration list for PBXNativeTarget "distype" */;
			buildPhases = (
				10986E3FD492161A25D88755 /* [CP] Check Pods Manifest.lock */,
				749240A81D749D5100A371F8 /* Sources */,
				749240A91D749D5100A371F8 /* Frameworks */,
				749240AA1D749D5100A371F8 /* Resources */,
				18031D8B5595EC0389B24722 /* [CP] Embed Pods Frameworks */,
				D07545B54D8CEF6A9072783B /* [CP] Copy Pods Resources */,
			);
			buildRules = (
			);
			dependencies = (
			);
			name = distype;
			productName = distype;
			productReference = 749240AC1D749D5100A371F8 /* distype.app */;
			productType = "com.apple.product-type.application";
		};
/* End PBXNativeTarget section */

/* Begin PBXProject section */
		749240A41D749D5100A371F8 /* Project object */ = {
			isa = PBXProject;
			attributes = {
				LastUpgradeCheck = 0730;
				ORGANIZATIONNAME = aacidov;
				TargetAttributes = {
					749240AB1D749D5100A371F8 = {
						CreatedOnToolsVersion = 7.3.1;
					};
				};
			};
			buildConfigurationList = 749240A71D749D5100A371F8 /* Build configuration list for PBXProject "distype" */;
			compatibilityVersion = "Xcode 3.2";
			developmentRegion = English;
			hasScannedForEncodings = 0;
			knownRegions = (
				en,
				Base,
			);
			mainGroup = 749240A31D749D5100A371F8;
			productRefGroup = 749240AD1D749D5100A371F8 /* Products */;
			projectDirPath = "";
			projectRoot = "";
			targets = (
				749240AB1D749D5100A371F8 /* distype */,
			);
		};
/* End PBXProject section */

/* Begin PBXResourcesBuildPhase section */
		749240AA1D749D5100A371F8 /* Resources */ = {
			isa = PBXResourcesBuildPhase;
			buildActionMask = 2147483647;
			files = (
				749240C21D749D5100A371F8 /* LaunchScreen.storyboard in Resources */,
				749240BF1D749D5100A371F8 /* Assets.xcassets in Resources */,
				D976ACDF1D8820CC002799B0 /* AMChatTextInputView.xib in Resources */,
				749240BA1D749D5100A371F8 /* Main.storyboard in Resources */,
			);
			runOnlyForDeploymentPostprocessing = 0;
		};
/* End PBXResourcesBuildPhase section */

/* Begin PBXShellScriptBuildPhase section */
		10986E3FD492161A25D88755 /* [CP] Check Pods Manifest.lock */ = {
			isa = PBXShellScriptBuildPhase;
			buildActionMask = 2147483647;
			files = (
			);
			inputPaths = (
			);
			name = "[CP] Check Pods Manifest.lock";
			outputPaths = (
			);
			runOnlyForDeploymentPostprocessing = 0;
			shellPath = /bin/sh;
			shellScript = "diff \"${PODS_ROOT}/../Podfile.lock\" \"${PODS_ROOT}/Manifest.lock\" > /dev/null\nif [[ $? != 0 ]] ; then\n    cat << EOM\nerror: The sandbox is not in sync with the Podfile.lock. Run 'pod install' or update your CocoaPods installation.\nEOM\n    exit 1\nfi\n";
			showEnvVarsInLog = 0;
		};
		18031D8B5595EC0389B24722 /* [CP] Embed Pods Frameworks */ = {
			isa = PBXShellScriptBuildPhase;
			buildActionMask = 2147483647;
			files = (
			);
			inputPaths = (
			);
			name = "[CP] Embed Pods Frameworks";
			outputPaths = (
			);
			runOnlyForDeploymentPostprocessing = 0;
			shellPath = /bin/sh;
			shellScript = "\"${SRCROOT}/Pods/Target Support Files/Pods-distype/Pods-distype-frameworks.sh\"\n";
			showEnvVarsInLog = 0;
		};
		D07545B54D8CEF6A9072783B /* [CP] Copy Pods Resources */ = {
			isa = PBXShellScriptBuildPhase;
			buildActionMask = 2147483647;
			files = (
			);
			inputPaths = (
			);
			name = "[CP] Copy Pods Resources";
			outputPaths = (
			);
			runOnlyForDeploymentPostprocessing = 0;
			shellPath = /bin/sh;
			shellScript = "\"${SRCROOT}/Pods/Target Support Files/Pods-distype/Pods-distype-resources.sh\"\n";
			showEnvVarsInLog = 0;
		};
/* End PBXShellScriptBuildPhase section */

/* Begin PBXSourcesBuildPhase section */
		749240A81D749D5100A371F8 /* Sources */ = {
			isa = PBXSourcesBuildPhase;
			buildActionMask = 2147483647;
			files = (
				749240B41D749D5100A371F8 /* AppDelegate.m in Sources */,
				D97D3D701D87F6DE00B2E13B /* AMActiveChatViewController.m in Sources */,
				D9F1030A1D8991CE007A8796 /* AMMessageTextFieldView.m in Sources */,
				D976ACDC1D8820A2002799B0 /* AMChatTextInputView.m in Sources */,
				D976ACD21D8815E1002799B0 /* AMChatsListViewController.m in Sources */,
				D976ACD61D881AF5002799B0 /* AMChatMessageModel.m in Sources */,
				749240B11D749D5100A371F8 /* main.m in Sources */,
			);
			runOnlyForDeploymentPostprocessing = 0;
		};
/* End PBXSourcesBuildPhase section */

/* Begin PBXVariantGroup section */
		749240B81D749D5100A371F8 /* Main.storyboard */ = {
			isa = PBXVariantGroup;
			children = (
				749240B91D749D5100A371F8 /* Base */,
			);
			name = Main.storyboard;
			sourceTree = "<group>";
		};
		749240C01D749D5100A371F8 /* LaunchScreen.storyboard */ = {
			isa = PBXVariantGroup;
			children = (
				749240C11D749D5100A371F8 /* Base */,
			);
			name = LaunchScreen.storyboard;
			sourceTree = "<group>";
		};
/* End PBXVariantGroup section */

/* Begin XCBuildConfiguration section */
		749240C41D749D5100A371F8 /* Debug */ = {
			isa = XCBuildConfiguration;
			buildSettings = {
				ALWAYS_SEARCH_USER_PATHS = NO;
				CLANG_ANALYZER_NONNULL = YES;
				CLANG_CXX_LANGUAGE_STANDARD = "gnu++0x";
				CLANG_CXX_LIBRARY = "libc++";
				CLANG_ENABLE_MODULES = YES;
				CLANG_ENABLE_OBJC_ARC = YES;
				CLANG_WARN_BOOL_CONVERSION = YES;
				CLANG_WARN_CONSTANT_CONVERSION = YES;
				CLANG_WARN_DIRECT_OBJC_ISA_USAGE = YES_ERROR;
				CLANG_WARN_EMPTY_BODY = YES;
				CLANG_WARN_ENUM_CONVERSION = YES;
				CLANG_WARN_INT_CONVERSION = YES;
				CLANG_WARN_OBJC_ROOT_CLASS = YES_ERROR;
				CLANG_WARN_UNREACHABLE_CODE = YES;
				CLANG_WARN__DUPLICATE_METHOD_MATCH = YES;
				"CODE_SIGN_IDENTITY[sdk=iphoneos*]" = "iPhone Developer";
				COPY_PHASE_STRIP = NO;
				DEBUG_INFORMATION_FORMAT = dwarf;
				ENABLE_STRICT_OBJC_MSGSEND = YES;
				ENABLE_TESTABILITY = YES;
				GCC_C_LANGUAGE_STANDARD = gnu99;
				GCC_DYNAMIC_NO_PIC = NO;
				GCC_NO_COMMON_BLOCKS = YES;
				GCC_OPTIMIZATION_LEVEL = 0;
				GCC_PREPROCESSOR_DEFINITIONS = (
					"DEBUG=1",
					"$(inherited)",
				);
				GCC_WARN_64_TO_32_BIT_CONVERSION = YES;
				GCC_WARN_ABOUT_RETURN_TYPE = YES_ERROR;
				GCC_WARN_UNDECLARED_SELECTOR = YES;
				GCC_WARN_UNINITIALIZED_AUTOS = YES_AGGRESSIVE;
				GCC_WARN_UNUSED_FUNCTION = YES;
				GCC_WARN_UNUSED_VARIABLE = YES;
				IPHONEOS_DEPLOYMENT_TARGET = 9.3;
				MTL_ENABLE_DEBUG_INFO = YES;
				ONLY_ACTIVE_ARCH = YES;
				SDKROOT = iphoneos;
				TARGETED_DEVICE_FAMILY = "1,2";
			};
			name = Debug;
		};
		749240C51D749D5100A371F8 /* Release */ = {
			isa = XCBuildConfiguration;
			buildSettings = {
				ALWAYS_SEARCH_USER_PATHS = NO;
				CLANG_ANALYZER_NONNULL = YES;
				CLANG_CXX_LANGUAGE_STANDARD = "gnu++0x";
				CLANG_CXX_LIBRARY = "libc++";
				CLANG_ENABLE_MODULES = YES;
				CLANG_ENABLE_OBJC_ARC = YES;
				CLANG_WARN_BOOL_CONVERSION = YES;
				CLANG_WARN_CONSTANT_CONVERSION = YES;
				CLANG_WARN_DIRECT_OBJC_ISA_USAGE = YES_ERROR;
				CLANG_WARN_EMPTY_BODY = YES;
				CLANG_WARN_ENUM_CONVERSION = YES;
				CLANG_WARN_INT_CONVERSION = YES;
				CLANG_WARN_OBJC_ROOT_CLASS = YES_ERROR;
				CLANG_WARN_UNREACHABLE_CODE = YES;
				CLANG_WARN__DUPLICATE_METHOD_MATCH = YES;
				"CODE_SIGN_IDENTITY[sdk=iphoneos*]" = "iPhone Developer";
				COPY_PHASE_STRIP = NO;
				DEBUG_INFORMATION_FORMAT = "dwarf-with-dsym";
				ENABLE_NS_ASSERTIONS = NO;
				ENABLE_STRICT_OBJC_MSGSEND = YES;
				GCC_C_LANGUAGE_STANDARD = gnu99;
				GCC_NO_COMMON_BLOCKS = YES;
				GCC_WARN_64_TO_32_BIT_CONVERSION = YES;
				GCC_WARN_ABOUT_RETURN_TYPE = YES_ERROR;
				GCC_WARN_UNDECLARED_SELECTOR = YES;
				GCC_WARN_UNINITIALIZED_AUTOS = YES_AGGRESSIVE;
				GCC_WARN_UNUSED_FUNCTION = YES;
				GCC_WARN_UNUSED_VARIABLE = YES;
				IPHONEOS_DEPLOYMENT_TARGET = 9.3;
				MTL_ENABLE_DEBUG_INFO = NO;
				SDKROOT = iphoneos;
				TARGETED_DEVICE_FAMILY = "1,2";
				VALIDATE_PRODUCT = YES;
			};
			name = Release;
		};
		749240C71D749D5100A371F8 /* Debug */ = {
			isa = XCBuildConfiguration;
			baseConfigurationReference = 7CEE2547E1977FACADE7C090 /* Pods-distype.debug.xcconfig */;
			buildSettings = {
				ASSETCATALOG_COMPILER_APPICON_NAME = AppIcon;
				INFOPLIST_FILE = distype/Info.plist;
				LD_RUNPATH_SEARCH_PATHS = "$(inherited) @executable_path/Frameworks";
				PRODUCT_BUNDLE_IDENTIFIER = com.aacidov.distype;
				PRODUCT_NAME = "$(TARGET_NAME)";
				TARGETED_DEVICE_FAMILY = "1,2";
			};
			name = Debug;
		};
		749240C81D749D5100A371F8 /* Release */ = {
			isa = XCBuildConfiguration;
			baseConfigurationReference = DB4D9D930C836901AF75E2A5 /* Pods-distype.release.xcconfig */;
			buildSettings = {
				ASSETCATALOG_COMPILER_APPICON_NAME = AppIcon;
				INFOPLIST_FILE = distype/Info.plist;
				LD_RUNPATH_SEARCH_PATHS = "$(inherited) @executable_path/Frameworks";
				PRODUCT_BUNDLE_IDENTIFIER = com.aacidov.distype;
				PRODUCT_NAME = "$(TARGET_NAME)";
				TARGETED_DEVICE_FAMILY = "1,2";
			};
			name = Release;
		};
/* End XCBuildConfiguration section */

/* Begin XCConfigurationList section */
		749240A71D749D5100A371F8 /* Build configuration list for PBXProject "distype" */ = {
			isa = XCConfigurationList;
			buildConfigurations = (
				749240C41D749D5100A371F8 /* Debug */,
				749240C51D749D5100A371F8 /* Release */,
			);
			defaultConfigurationIsVisible = 0;
			defaultConfigurationName = Release;
		};
		749240C61D749D5100A371F8 /* Build configuration list for PBXNativeTarget "distype" */ = {
			isa = XCConfigurationList;
			buildConfigurations = (
				749240C71D749D5100A371F8 /* Debug */,
				749240C81D749D5100A371F8 /* Release */,
			);
			defaultConfigurationIsVisible = 0;
			defaultConfigurationName = Release;
		};
/* End XCConfigurationList section */
	};
	rootObject = 749240A41D749D5100A371F8 /* Project object */;
}
